// !$*UTF8*$!
{
	archiveVersion = 1;
	classes = {
	};
	objectVersion = 46;
	objects = {

/* Begin PBXBuildFile section */
		14E7EE091BDE9A54001AA0A0 /* AppDelegate.swift in Sources */ = {isa = PBXBuildFile; fileRef = 14E7EE081BDE9A54001AA0A0 /* AppDelegate.swift */; };
		14E7EE0B1BDE9A54001AA0A0 /* ViewController.swift in Sources */ = {isa = PBXBuildFile; fileRef = 14E7EE0A1BDE9A54001AA0A0 /* ViewController.swift */; };
		14E7EE0E1BDE9A54001AA0A0 /* Main.storyboard in Resources */ = {isa = PBXBuildFile; fileRef = 14E7EE0C1BDE9A54001AA0A0 /* Main.storyboard */; };
		14E7EE101BDE9A54001AA0A0 /* Assets.xcassets in Resources */ = {isa = PBXBuildFile; fileRef = 14E7EE0F1BDE9A54001AA0A0 /* Assets.xcassets */; };
		14E7EE131BDE9A54001AA0A0 /* LaunchScreen.storyboard in Resources */ = {isa = PBXBuildFile; fileRef = 14E7EE111BDE9A54001AA0A0 /* LaunchScreen.storyboard */; };
		6C78B44721082F953E4DCA33 /* Pods_ReactiveCocoaSwift.framework in Frameworks */ = {isa = PBXBuildFile; fileRef = B2A00368F39DE080837D0B5D /* Pods_ReactiveCocoaSwift.framework */; };
/* End PBXBuildFile section */

/* Begin PBXFileReference section */
		1487D1F11BEE2F7400AC5880 /* ReactiveCocoaSwift-Bridging-Header.h */ = {isa = PBXFileReference; lastKnownFileType = sourcecode.c.h; path = "ReactiveCocoaSwift-Bridging-Header.h"; sourceTree = "<group>"; };
		14E7EE051BDE9A54001AA0A0 /* ReactiveCocoaSwift.app */ = {isa = PBXFileReference; explicitFileType = wrapper.application; includeInIndex = 0; path = ReactiveCocoaSwift.app; sourceTree = BUILT_PRODUCTS_DIR; };
		14E7EE081BDE9A54001AA0A0 /* AppDelegate.swift */ = {isa = PBXFileReference; lastKnownFileType = sourcecode.swift; path = AppDelegate.swift; sourceTree = "<group>"; };
		14E7EE0A1BDE9A54001AA0A0 /* ViewController.swift */ = {isa = PBXFileReference; lastKnownFileType = sourcecode.swift; path = ViewController.swift; sourceTree = "<group>"; };
		14E7EE0D1BDE9A54001AA0A0 /* Base */ = {isa = PBXFileReference; lastKnownFileType = file.storyboard; name = Base; path = Base.lproj/Main.storyboard; sourceTree = "<group>"; };
		14E7EE0F1BDE9A54001AA0A0 /* Assets.xcassets */ = {isa = PBXFileReference; lastKnownFileType = folder.assetcatalog; path = Assets.xcassets; sourceTree = "<group>"; };
		14E7EE121BDE9A54001AA0A0 /* Base */ = {isa = PBXFileReference; lastKnownFileType = file.storyboard; name = Base; path = Base.lproj/LaunchScreen.storyboard; sourceTree = "<group>"; };
		14E7EE141BDE9A54001AA0A0 /* Info.plist */ = {isa = PBXFileReference; lastKnownFileType = text.plist.xml; path = Info.plist; sourceTree = "<group>"; };
		B2A00368F39DE080837D0B5D /* Pods_ReactiveCocoaSwift.framework */ = {isa = PBXFileReference; explicitFileType = wrapper.framework; includeInIndex = 0; path = Pods_ReactiveCocoaSwift.framework; sourceTree = BUILT_PRODUCTS_DIR; };
		B71CC3025BCF364E6C7B18DF /* Pods-ReactiveCocoaSwift.debug.xcconfig */ = {isa = PBXFileReference; includeInIndex = 1; lastKnownFileType = text.xcconfig; name = "Pods-ReactiveCocoaSwift.debug.xcconfig"; path = "Pods/Target Support Files/Pods-ReactiveCocoaSwift/Pods-ReactiveCocoaSwift.debug.xcconfig"; sourceTree = "<group>"; };
		B875234573C8EE4A91A2DF21 /* Pods-ReactiveCocoaSwift.release.xcconfig */ = {isa = PBXFileReference; includeInIndex = 1; lastKnownFileType = text.xcconfig; name = "Pods-ReactiveCocoaSwift.release.xcconfig"; path = "Pods/Target Support Files/Pods-ReactiveCocoaSwift/Pods-ReactiveCocoaSwift.release.xcconfig"; sourceTree = "<group>"; };
/* End PBXFileReference section */

/* Begin PBXFrameworksBuildPhase section */
		14E7EE021BDE9A53001AA0A0 /* Frameworks */ = {
			isa = PBXFrameworksBuildPhase;
			buildActionMask = 2147483647;
			files = (
				6C78B44721082F953E4DCA33 /* Pods_ReactiveCocoaSwift.framework in Frameworks */,
			);
			runOnlyForDeploymentPostprocessing = 0;
		};
/* End PBXFrameworksBuildPhase section */

/* Begin PBXGroup section */
		14E7EDFC1BDE9A53001AA0A0 = {
			isa = PBXGroup;
			children = (
				14E7EE071BDE9A54001AA0A0 /* ReactiveCocoaSwift */,
				14E7EE061BDE9A54001AA0A0 /* Products */,
				4DCB6AF572DCB7F787E8BFFA /* Pods */,
				2370143D996F20783DB030DC /* Frameworks */,
			);
			sourceTree = "<group>";
		};
		14E7EE061BDE9A54001AA0A0 /* Products */ = {
			isa = PBXGroup;
			children = (
				14E7EE051BDE9A54001AA0A0 /* ReactiveCocoaSwift.app */,
			);
			name = Products;
			sourceTree = "<group>";
		};
		14E7EE071BDE9A54001AA0A0 /* ReactiveCocoaSwift */ = {
			isa = PBXGroup;
			children = (
				14E7EE1B1BDE9A97001AA0A0 /* AppDelegate */,
				14E7EE0A1BDE9A54001AA0A0 /* ViewController.swift */,
				14E7EE1A1BDE9A85001AA0A0 /* Views */,
				14E7EE1C1BDE9AAC001AA0A0 /* Assets */,
				1487D1F11BEE2F7400AC5880 /* ReactiveCocoaSwift-Bridging-Header.h */,
			);
			path = ReactiveCocoaSwift;
			sourceTree = "<group>";
		};
		14E7EE1A1BDE9A85001AA0A0 /* Views */ = {
			isa = PBXGroup;
			children = (
				14E7EE0C1BDE9A54001AA0A0 /* Main.storyboard */,
				14E7EE111BDE9A54001AA0A0 /* LaunchScreen.storyboard */,
			);
			name = Views;
			sourceTree = "<group>";
		};
		14E7EE1B1BDE9A97001AA0A0 /* AppDelegate */ = {
			isa = PBXGroup;
			children = (
				14E7EE081BDE9A54001AA0A0 /* AppDelegate.swift */,
			);
			name = AppDelegate;
			sourceTree = "<group>";
		};
		14E7EE1C1BDE9AAC001AA0A0 /* Assets */ = {
			isa = PBXGroup;
			children = (
				14E7EE0F1BDE9A54001AA0A0 /* Assets.xcassets */,
				14E7EE141BDE9A54001AA0A0 /* Info.plist */,
			);
			name = Assets;
			sourceTree = "<group>";
		};
		2370143D996F20783DB030DC /* Frameworks */ = {
			isa = PBXGroup;
			children = (
				B2A00368F39DE080837D0B5D /* Pods_ReactiveCocoaSwift.framework */,
			);
			name = Frameworks;
			sourceTree = "<group>";
		};
		4DCB6AF572DCB7F787E8BFFA /* Pods */ = {
			isa = PBXGroup;
			children = (
				B71CC3025BCF364E6C7B18DF /* Pods-ReactiveCocoaSwift.debug.xcconfig */,
				B875234573C8EE4A91A2DF21 /* Pods-ReactiveCocoaSwift.release.xcconfig */,
			);
			name = Pods;
			sourceTree = "<group>";
		};
/* End PBXGroup section */

/* Begin PBXNativeTarget section */
		14E7EE041BDE9A53001AA0A0 /* ReactiveCocoaSwift */ = {
			isa = PBXNativeTarget;
			buildConfigurationList = 14E7EE171BDE9A54001AA0A0 /* Build configuration list for PBXNativeTarget "ReactiveCocoaSwift" */;
			buildPhases = (
				C9F3B3B552C1E58CB0078589 /* Check Pods Manifest.lock */,
				14E7EE011BDE9A53001AA0A0 /* Sources */,
				14E7EE021BDE9A53001AA0A0 /* Frameworks */,
				14E7EE031BDE9A53001AA0A0 /* Resources */,
				F3658727B7E097FF11AE1DE1 /* Embed Pods Frameworks */,
				77084B5AFECB7A6A7F4575EF /* Copy Pods Resources */,
			);
			buildRules = (
			);
			dependencies = (
			);
			name = ReactiveCocoaSwift;
			productName = ReactiveCocoaSwift;
			productReference = 14E7EE051BDE9A54001AA0A0 /* ReactiveCocoaSwift.app */;
			productType = "com.apple.product-type.application";
		};
/* End PBXNativeTarget section */

/* Begin PBXProject section */
		14E7EDFD1BDE9A53001AA0A0 /* Project object */ = {
			isa = PBXProject;
			attributes = {
				LastSwiftUpdateCheck = 0710;
				LastUpgradeCheck = 0710;
				ORGANIZATIONNAME = iGROOMGRiM;
				TargetAttributes = {
					14E7EE041BDE9A53001AA0A0 = {
						CreatedOnToolsVersion = 7.1;
					};
				};
			};
			buildConfigurationList = 14E7EE001BDE9A53001AA0A0 /* Build configuration list for PBXProject "ReactiveCocoaSwift" */;
			compatibilityVersion = "Xcode 3.2";
			developmentRegion = English;
			hasScannedForEncodings = 0;
			knownRegions = (
				en,
				Base,
			);
			mainGroup = 14E7EDFC1BDE9A53001AA0A0;
			productRefGroup = 14E7EE061BDE9A54001AA0A0 /* Products */;
			projectDirPath = "";
			projectRoot = "";
			targets = (
				14E7EE041BDE9A53001AA0A0 /* ReactiveCocoaSwift */,
			);
		};
/* End PBXProject section */

/* Begin PBXResourcesBuildPhase section */
		14E7EE031BDE9A53001AA0A0 /* Resources */ = {
			isa = PBXResourcesBuildPhase;
			buildActionMask = 2147483647;
			files = (
				14E7EE131BDE9A54001AA0A0 /* LaunchScreen.storyboard in Resources */,
				14E7EE101BDE9A54001AA0A0 /* Assets.xcassets in Resources */,
				14E7EE0E1BDE9A54001AA0A0 /* Main.storyboard in Resources */,
			);
			runOnlyForDeploymentPostprocessing = 0;
		};
/* End PBXResourcesBuildPhase section */

/* Begin PBXShellScriptBuildPhase section */
		77084B5AFECB7A6A7F4575EF /* Copy Pods Resources */ = {
			isa = PBXShellScriptBuildPhase;
			buildActionMask = 2147483647;
			files = (
			);
			inputPaths = (
			);
			name = "Copy Pods Resources";
			outputPaths = (
			);
			runOnlyForDeploymentPostprocessing = 0;
			shellPath = /bin/sh;
			shellScript = "\"${SRCROOT}/Pods/Target Support Files/Pods-ReactiveCocoaSwift/Pods-ReactiveCocoaSwift-resources.sh\"\n";
			showEnvVarsInLog = 0;
		};
		C9F3B3B552C1E58CB0078589 /* Check Pods Manifest.lock */ = {
			isa = PBXShellScriptBuildPhase;
			buildActionMask = 2147483647;
			files = (
			);
			inputPaths = (
			);
			name = "Check Pods Manifest.lock";
			outputPaths = (
			);
			runOnlyForDeploymentPostprocessing = 0;
			shellPath = /bin/sh;
			shellScript = "diff \"${PODS_ROOT}/../Podfile.lock\" \"${PODS_ROOT}/Manifest.lock\" > /dev/null\nif [[ $? != 0 ]] ; then\n    cat << EOM\nerror: The sandbox is not in sync with the Podfile.lock. Run 'pod install' or update your CocoaPods installation.\nEOM\n    exit 1\nfi\n";
			showEnvVarsInLog = 0;
		};
		F3658727B7E097FF11AE1DE1 /* Embed Pods Frameworks */ = {
			isa = PBXShellScriptBuildPhase;
			buildActionMask = 2147483647;
			files = (
			);
			inputPaths = (
			);
			name = "Embed Pods Frameworks";
			outputPaths = (
			);
			runOnlyForDeploymentPostprocessing = 0;
			shellPath = /bin/sh;
			shellScript = "\"${SRCROOT}/Pods/Target Support Files/Pods-ReactiveCocoaSwift/Pods-ReactiveCocoaSwift-frameworks.sh\"\n";
			showEnvVarsInLog = 0;
		};
/* End PBXShellScriptBuildPhase section */

/* Begin PBXSourcesBuildPhase section */
		14E7EE011BDE9A53001AA0A0 /* Sources */ = {
			isa = PBXSourcesBuildPhase;
			buildActionMask = 2147483647;
			files = (
				14E7EE0B1BDE9A54001AA0A0 /* ViewController.swift in Sources */,
				14E7EE091BDE9A54001AA0A0 /* AppDelegate.swift in Sources */,
			);
			runOnlyForDeploymentPostprocessing = 0;
		};
/* End PBXSourcesBuildPhase section */

/* Begin PBXVariantGroup section */
		14E7EE0C1BDE9A54001AA0A0 /* Main.storyboard */ = {
			isa = PBXVariantGroup;
			children = (
				14E7EE0D1BDE9A54001AA0A0 /* Base */,
			);
			name = Main.storyboard;
			sourceTree = "<group>";
		};
		14E7EE111BDE9A54001AA0A0 /* LaunchScreen.storyboard */ = {
			isa = PBXVariantGroup;
			children = (
				14E7EE121BDE9A54001AA0A0 /* Base */,
			);
			name = LaunchScreen.storyboard;
			sourceTree = "<group>";
		};
/* End PBXVariantGroup section */

/* Begin XCBuildConfiguration section */
		14E7EE151BDE9A54001AA0A0 /* Debug */ = {
			isa = XCBuildConfiguration;
			buildSettings = {
				ALWAYS_SEARCH_USER_PATHS = NO;
				CLANG_CXX_LANGUAGE_STANDARD = "gnu++0x";
				CLANG_CXX_LIBRARY = "libc++";
				CLANG_ENABLE_MODULES = YES;
				CLANG_ENABLE_OBJC_ARC = YES;
				CLANG_WARN_BOOL_CONVERSION = YES;
				CLANG_WARN_CONSTANT_CONVERSION = YES;
				CLANG_WARN_DIRECT_OBJC_ISA_USAGE = YES_ERROR;
				CLANG_WARN_EMPTY_BODY = YES;
				CLANG_WARN_ENUM_CONVERSION = YES;
				CLANG_WARN_INT_CONVERSION = YES;
				CLANG_WARN_OBJC_ROOT_CLASS = YES_ERROR;
				CLANG_WARN_UNREACHABLE_CODE = YES;
				CLANG_WARN__DUPLICATE_METHOD_MATCH = YES;
				"CODE_SIGN_IDENTITY[sdk=iphoneos*]" = "iPhone Developer";
				COPY_PHASE_STRIP = NO;
				DEBUG_INFORMATION_FORMAT = dwarf;
				ENABLE_STRICT_OBJC_MSGSEND = YES;
				ENABLE_TESTABILITY = YES;
				GCC_C_LANGUAGE_STANDARD = gnu99;
				GCC_DYNAMIC_NO_PIC = NO;
				GCC_NO_COMMON_BLOCKS = YES;
				GCC_OPTIMIZATION_LEVEL = 0;
				GCC_PREPROCESSOR_DEFINITIONS = (
					"DEBUG=1",
					"$(inherited)",
				);
				GCC_WARN_64_TO_32_BIT_CONVERSION = YES;
				GCC_WARN_ABOUT_RETURN_TYPE = YES_ERROR;
				GCC_WARN_UNDECLARED_SELECTOR = YES;
				GCC_WARN_UNINITIALIZED_AUTOS = YES_AGGRESSIVE;
				GCC_WARN_UNUSED_FUNCTION = YES;
				GCC_WARN_UNUSED_VARIABLE = YES;
				IPHONEOS_DEPLOYMENT_TARGET = 9.1;
				MTL_ENABLE_DEBUG_INFO = YES;
				ONLY_ACTIVE_ARCH = YES;
				SDKROOT = iphoneos;
				SWIFT_OPTIMIZATION_LEVEL = "-Onone";
			};
			name = Debug;
		};
		14E7EE161BDE9A54001AA0A0 /* Release */ = {
			isa = XCBuildConfiguration;
			buildSettings = {
				ALWAYS_SEARCH_USER_PATHS = NO;
				CLANG_CXX_LANGUAGE_STANDARD = "gnu++0x";
				CLANG_CXX_LIBRARY = "libc++";
				CLANG_ENABLE_MODULES = YES;
				CLANG_ENABLE_OBJC_ARC = YES;
				CLANG_WARN_BOOL_CONVERSION = YES;
				CLANG_WARN_CONSTANT_CONVERSION = YES;
				CLANG_WARN_DIRECT_OBJC_ISA_USAGE = YES_ERROR;
				CLANG_WARN_EMPTY_BODY = YES;
				CLANG_WARN_ENUM_CONVERSION = YES;
				CLANG_WARN_INT_CONVERSION = YES;
				CLANG_WARN_OBJC_ROOT_CLASS = YES_ERROR;
				CLANG_WARN_UNREACHABLE_CODE = YES;
				CLANG_WARN__DUPLICATE_METHOD_MATCH = YES;
				"CODE_SIGN_IDENTITY[sdk=iphoneos*]" = "iPhone Developer";
				COPY_PHASE_STRIP = NO;
				DEBUG_INFORMATION_FORMAT = "dwarf-with-dsym";
				ENABLE_NS_ASSERTIONS = NO;
				ENABLE_STRICT_OBJC_MSGSEND = YES;
				GCC_C_LANGUAGE_STANDARD = gnu99;
				GCC_NO_COMMON_BLOCKS = YES;
				GCC_WARN_64_TO_32_BIT_CONVERSION = YES;
				GCC_WARN_ABOUT_RETURN_TYPE = YES_ERROR;
				GCC_WARN_UNDECLARED_SELECTOR = YES;
				GCC_WARN_UNINITIALIZED_AUTOS = YES_AGGRESSIVE;
				GCC_WARN_UNUSED_FUNCTION = YES;
				GCC_WARN_UNUSED_VARIABLE = YES;
				IPHONEOS_DEPLOYMENT_TARGET = 9.1;
				MTL_ENABLE_DEBUG_INFO = NO;
				SDKROOT = iphoneos;
				VALIDATE_PRODUCT = YES;
			};
			name = Release;
		};
		14E7EE181BDE9A54001AA0A0 /* Debug */ = {
			isa = XCBuildConfiguration;
			baseConfigurationReference = B71CC3025BCF364E6C7B18DF /* Pods-ReactiveCocoaSwift.debug.xcconfig */;
			buildSettings = {
				ASSETCATALOG_COMPILER_APPICON_NAME = AppIcon;
				CLANG_ENABLE_MODULES = YES;
				INFOPLIST_FILE = ReactiveCocoaSwift/Info.plist;
				LD_RUNPATH_SEARCH_PATHS = "$(inherited) @executable_path/Frameworks";
				PRODUCT_BUNDLE_IDENTIFIER = com.igroomgrim.ReactiveCocoaSwift;
				PRODUCT_NAME = "$(TARGET_NAME)";
				SWIFT_OBJC_BRIDGING_HEADER = "ReactiveCocoaSwift/ReactiveCocoaSwift-Bridging-Header.h";
				SWIFT_OPTIMIZATION_LEVEL = "-Onone";
			};
			name = Debug;
		};
		14E7EE191BDE9A54001AA0A0 /* Release */ = {
			isa = XCBuildConfiguration;
			baseConfigurationReference = B875234573C8EE4A91A2DF21 /* Pods-ReactiveCocoaSwift.release.xcconfig */;
			buildSettings = {
				ASSETCATALOG_COMPILER_APPICON_NAME = AppIcon;
				CLANG_ENABLE_MODULES = YES;
				INFOPLIST_FILE = ReactiveCocoaSwift/Info.plist;
				LD_RUNPATH_SEARCH_PATHS = "$(inherited) @executable_path/Frameworks";
				PRODUCT_BUNDLE_IDENTIFIER = com.igroomgrim.ReactiveCocoaSwift;
				PRODUCT_NAME = "$(TARGET_NAME)";
				SWIFT_OBJC_BRIDGING_HEADER = "ReactiveCocoaSwift/ReactiveCocoaSwift-Bridging-Header.h";
			};
			name = Release;
		};
/* End XCBuildConfiguration section */

/* Begin XCConfigurationList section */
		14E7EE001BDE9A53001AA0A0 /* Build configuration list for PBXProject "ReactiveCocoaSwift" */ = {
			isa = XCConfigurationList;
			buildConfigurations = (
				14E7EE151BDE9A54001AA0A0 /* Debug */,
				14E7EE161BDE9A54001AA0A0 /* Release */,
			);
			defaultConfigurationIsVisible = 0;
			defaultConfigurationName = Release;
		};
		14E7EE171BDE9A54001AA0A0 /* Build configuration list for PBXNativeTarget "ReactiveCocoaSwift" */ = {
			isa = XCConfigurationList;
			buildConfigurations = (
				14E7EE181BDE9A54001AA0A0 /* Debug */,
				14E7EE191BDE9A54001AA0A0 /* Release */,
			);
			defaultConfigurationIsVisible = 0;
			defaultConfigurationName = Release;
		};
/* End XCConfigurationList section */
	};
	rootObject = 14E7EDFD1BDE9A53001AA0A0 /* Project object */;
}
